
Microsoft Visual Studio Solution File, Format Version 12.00
# Visual Studio 15
VisualStudioVersion = 15.0.28307.168
MinimumVisualStudioVersion = 10.0.40219.1
Project("{FAE04EC0-301F-11D3-BF4B-00C04F79EFBC}") = "Savics_Test_Kamdjo", "Savics_Test_Kamdjo\Savics_Test_Kamdjo.csproj", "{BE93F7EC-6F65-41C0-B62E-BDD2BBA67550}"
EndProject
Global
	GlobalSection(SolutionConfigurationPlatforms) = preSolution
		Debug|Any CPU = Debug|Any CPU
		Release|Any CPU = Release|Any CPU
	EndGlobalSection
	GlobalSection(ProjectConfigurationPlatforms) = postSolution
		{BE93F7EC-6F65-41C0-B62E-BDD2BBA67550}.Debug|Any CPU.ActiveCfg = Debug|Any CPU
		{BE93F7EC-6F65-41C0-B62E-BDD2BBA67550}.Debug|Any CPU.Build.0 = Debug|Any CPU
		{BE93F7EC-6F65-41C0-B62E-BDD2BBA67550}.Release|Any CPU.ActiveCfg = Release|Any CPU
		{BE93F7EC-6F65-41C0-B62E-BDD2BBA67550}.Release|Any CPU.Build.0 = Release|Any CPU
	EndGlobalSection
	GlobalSection(SolutionProperties) = preSolution
		HideSolutionNode = FALSE
	EndGlobalSection
	GlobalSection(ExtensibilityGlobals) = postSolution
		SolutionGuid = {D8F24D15-D553-4E9C-A6F4-C497E78498D3}
	EndGlobalSection
EndGlobal
